
Microsoft Visual Studio Solution File, Format Version 12.00
# Visual Studio 15
VisualStudioVersion = 15.0.28306.52
MinimumVisualStudioVersion = 10.0.40219.1
Project("{9A19103F-16F7-4668-BE54-9A1E7A4F7556}") = "AdventOfCode2018", "AdventOfCode2018\AdventOfCode2018.csproj", "{F7AA9165-61CA-4D85-9AB2-A022CE6808E8}"
EndProject
Project("{2150E333-8FDC-42A3-9474-1A3956D46DE8}") = "input", "input", "{51EEF596-E9D6-43D0-8CBD-57DC9A8362C6}"
EndProject
Project("{9A19103F-16F7-4668-BE54-9A1E7A4F7556}") = "AdventOfCode2018.Tests", "AdventOfCode2018.Tests\AdventOfCode2018.Tests.csproj", "{A3E785A6-2091-4FD9-9689-A817CFE4E78E}"
EndProject
Global
	GlobalSection(SolutionConfigurationPlatforms) = preSolution
		Debug|Any CPU = Debug|Any CPU
		Release|Any CPU = Release|Any CPU
	EndGlobalSection
	GlobalSection(ProjectConfigurationPlatforms) = postSolution
		{F7AA9165-61CA-4D85-9AB2-A022CE6808E8}.Debug|Any CPU.ActiveCfg = Debug|Any CPU
		{F7AA9165-61CA-4D85-9AB2-A022CE6808E8}.Debug|Any CPU.Build.0 = Debug|Any CPU
		{F7AA9165-61CA-4D85-9AB2-A022CE6808E8}.Release|Any CPU.ActiveCfg = Release|Any CPU
		{F7AA9165-61CA-4D85-9AB2-A022CE6808E8}.Release|Any CPU.Build.0 = Release|Any CPU
		{A3E785A6-2091-4FD9-9689-A817CFE4E78E}.Debug|Any CPU.ActiveCfg = Debug|Any CPU
		{A3E785A6-2091-4FD9-9689-A817CFE4E78E}.Debug|Any CPU.Build.0 = Debug|Any CPU
		{A3E785A6-2091-4FD9-9689-A817CFE4E78E}.Release|Any CPU.ActiveCfg = Release|Any CPU
		{A3E785A6-2091-4FD9-9689-A817CFE4E78E}.Release|Any CPU.Build.0 = Release|Any CPU
	EndGlobalSection
	GlobalSection(SolutionProperties) = preSolution
		HideSolutionNode = FALSE
	EndGlobalSection
	GlobalSection(ExtensibilityGlobals) = postSolution
		SolutionGuid = {8BAFF552-3A1D-4E56-9D08-F8443E1F711C}
	EndGlobalSection
EndGlobal
